<?xml version="1.0" encoding="utf-8"?>
<Project ToolsVersion="4.0" xmlns="http://schemas.microsoft.com/developer/msbuild/2003">
  <ItemGroup>
    <Filter Include="Source Files">
      <UniqueIdentifier>{4FC737F1-C7A5-4376-A066-2A32D752A2FF}</UniqueIdentifier>
      <Extensions>cpp;c;cc;cxx;def;odl;idl;hpj;bat;asm;asmx</Extensions>
    </Filter>
    <Filter Include="Header Files">
      <UniqueIdentifier>{93995380-89BD-4b04-88EB-625FBE52EBFB}</UniqueIdentifier>
      <Extensions>h;hh;hpp;hxx;hm;inl;inc;xsd</Extensions>
    </Filter>
    <Filter Include="Resource Files">
      <UniqueIdentifier>{67DA6AB6-F800-4c08-8B7A-83BB121AAD01}</UniqueIdentifier>
      <Extensions>rc;ico;cur;bmp;dlg;rc2;rct;bin;rgs;gif;jpg;jpeg;jpe;resx;tiff;tif;png;wav;mfcribbon-ms</Extensions>
    </Filter>
  </ItemGroup>
  <ItemGroup>
    <ClInclude Include="stdafx.h">
      <Filter>Header Files</Filter>
    </ClInclude>
    <ClInclude Include="targetver.h">
      <Filter>Header Files</Filter>
    </ClInclude>
    <ClInclude Include="TestInclusions.h">
      <Filter>Header Files</Filter>
    </ClInclude>
    <ClInclude Include="..\GameEngine\AbstractScriptAction.h">
      <Filter>Header Files</Filter>
    </ClInclude>
    <ClInclude Include="..\GameEngine\AbstractUIComponent.h">
      <Filter>Header Files</Filter>
    </ClInclude>
    <ClInclude Include="..\GameEngine\AnimatedAi.h">
      <Filter>Header Files</Filter>
    </ClInclude>
    <ClInclude Include="..\GameEngine\AnimatedObject.h">
      <Filter>Header Files</Filter>
    </ClInclude>
    <ClInclude Include="..\GameEngine\Application.h">
      <Filter>Header Files</Filter>
    </ClInclude>
    <ClInclude Include="..\GameEngine\Armor.h">
      <Filter>Header Files</Filter>
    </ClInclude>
    <ClInclude Include="..\GameEngine\AudioEntity.h">
      <Filter>Header Files</Filter>
    </ClInclude>
    <ClInclude Include="..\GameEngine\AudioLoader.h">
      <Filter>Header Files</Filter>
    </ClInclude>
    <ClInclude Include="..\GameEngine\AudioSystem.h">
      <Filter>Header Files</Filter>
    </ClInclude>
    <ClInclude Include="..\GameEngine\Banner.h">
      <Filter>Header Files</Filter>
    </ClInclude>
    <ClInclude Include="..\GameEngine\BounceTimer.h">
      <Filter>Header Files</Filter>
    </ClInclude>
    <ClInclude Include="..\GameEngine\Button.h">
      <Filter>Header Files</Filter>
    </ClInclude>
    <ClInclude Include="..\GameEngine\ButtonAction.h">
      <Filter>Header Files</Filter>
    </ClInclude>
    <ClInclude Include="..\GameEngine\Callbacks.h">
      <Filter>Header Files</Filter>
    </ClInclude>
    <ClInclude Include="..\GameEngine\Card.h">
      <Filter>Header Files</Filter>
    </ClInclude>
    <ClInclude Include="..\GameEngine\CardsPage.h">
      <Filter>Header Files</Filter>
    </ClInclude>
    <ClInclude Include="..\GameEngine\Circle.h">
      <Filter>Header Files</Filter>
    </ClInclude>
    <ClInclude Include="..\GameEngine\Color.h">
      <Filter>Header Files</Filter>
    </ClInclude>
    <ClInclude Include="..\GameEngine\Condition.h">
      <Filter>Header Files</Filter>
    </ClInclude>
    <ClInclude Include="..\GameEngine\DebugAction.h">
      <Filter>Header Files</Filter>
    </ClInclude>
    <ClInclude Include="..\GameEngine\Deck.h">
      <Filter>Header Files</Filter>
    </ClInclude>
    <ClInclude Include="..\GameEngine\DefaultParticleSystem.h">
      <Filter>Header Files</Filter>
    </ClInclude>
    <ClInclude Include="..\GameEngine\DirectedParticleSystem.h">
      <Filter>Header Files</Filter>
    </ClInclude>
    <ClInclude Include="..\GameEngine\Edge.h">
      <Filter>Header Files</Filter>
    </ClInclude>
    <ClInclude Include="..\GameEngine\Effect.h">
      <Filter>Header Files</Filter>
    </ClInclude>
    <ClInclude Include="..\GameEngine\FastParticleSystem.h">
      <Filter>Header Files</Filter>
    </ClInclude>
    <ClInclude Include="..\GameEngine\FollowAi.h">
      <Filter>Header Files</Filter>
    </ClInclude>
    <ClInclude Include="..\GameEngine\Font.h">
      <Filter>Header Files</Filter>
    </ClInclude>
    <ClInclude Include="..\GameEngine\FontManager.h">
      <Filter>Header Files</Filter>
    </ClInclude>
    <ClInclude Include="..\GameEngine\Framebuffer.h">
      <Filter>Header Files</Filter>
    </ClInclude>
    <ClInclude Include="..\GameEngine\FramebufferManager.h">
      <Filter>Header Files</Filter>
    </ClInclude>
    <ClInclude Include="..\GameEngine\GameState.h">
      <Filter>Header Files</Filter>
    </ClInclude>
    <ClInclude Include="..\GameEngine\GameTimer.h">
      <Filter>Header Files</Filter>
    </ClInclude>
    <ClInclude Include="..\GameEngine\GoToPointAI.h">
      <Filter>Header Files</Filter>
    </ClInclude>
    <ClInclude Include="..\GameEngine\Graph.h">
      <Filter>Header Files</Filter>
    </ClInclude>
    <ClInclude Include="..\GameEngine\Hand.h">
      <Filter>Header Files</Filter>
    </ClInclude>
    <ClInclude Include="..\GameEngine\Input.h">
      <Filter>Header Files</Filter>
    </ClInclude>
    <ClInclude Include="..\GameEngine\Inventory.h">
      <Filter>Header Files</Filter>
    </ClInclude>
    <ClInclude Include="..\GameEngine\InventoryPage.h">
      <Filter>Header Files</Filter>
    </ClInclude>
    <ClInclude Include="..\GameEngine\Item.h">
      <Filter>Header Files</Filter>
    </ClInclude>
    <ClInclude Include="..\GameEngine\KeyBinder.h">
      <Filter>Header Files</Filter>
    </ClInclude>
    <ClInclude Include="..\GameEngine\Keyboard.h">
      <Filter>Header Files</Filter>
    </ClInclude>
    <ClInclude Include="..\GameEngine\KeyItem.h">
      <Filter>Header Files</Filter>
    </ClInclude>
    <ClInclude Include="..\GameEngine\Line.h">
      <Filter>Header Files</Filter>
    </ClInclude>
    <ClInclude Include="..\GameEngine\List.h">
      <Filter>Header Files</Filter>
    </ClInclude>
    <ClInclude Include="..\GameEngine\LivingAi.h">
      <Filter>Header Files</Filter>
    </ClInclude>
    <ClInclude Include="..\GameEngine\LivingObject.h">
      <Filter>Header Files</Filter>
    </ClInclude>
    <ClInclude Include="..\GameEngine\lodepng.h">
      <Filter>Header Files</Filter>
    </ClInclude>
    <ClInclude Include="..\GameEngine\Menu.h">
      <Filter>Header Files</Filter>
    </ClInclude>
    <ClInclude Include="..\GameEngine\Model.h">
      <Filter>Header Files</Filter>
    </ClInclude>
    <ClInclude Include="..\GameEngine\ModelManager.h">
      <Filter>Header Files</Filter>
    </ClInclude>
    <ClInclude Include="..\GameEngine\Mouse.h">
      <Filter>Header Files</Filter>
    </ClInclude>
    <ClInclude Include="..\GameEngine\MovableObject.h">
      <Filter>Header Files</Filter>
    </ClInclude>
    <ClInclude Include="..\GameEngine\MoveAction.h">
      <Filter>Header Files</Filter>
    </ClInclude>
    <ClInclude Include="..\GameEngine\MusicManager.h">
      <Filter>Header Files</Filter>
    </ClInclude>
    <ClInclude Include="..\GameEngine\Node.h">
      <Filter>Header Files</Filter>
    </ClInclude>
    <ClInclude Include="..\GameEngine\Object.h">
      <Filter>Header Files</Filter>
    </ClInclude>
    <ClInclude Include="..\GameEngine\OpenTextbox.h">
      <Filter>Header Files</Filter>
    </ClInclude>
    <ClInclude Include="..\GameEngine\OpenTextboxWithChoice.h">
      <Filter>Header Files</Filter>
    </ClInclude>
    <ClInclude Include="..\GameEngine\Particle.h">
      <Filter>Header Files</Filter>
    </ClInclude>
    <ClInclude Include="..\GameEngine\ParticleSystem.h">
      <Filter>Header Files</Filter>
    </ClInclude>
    <ClInclude Include="..\GameEngine\PauseMusicAction.h">
      <Filter>Header Files</Filter>
    </ClInclude>
    <ClInclude Include="..\GameEngine\Player.h">
      <Filter>Header Files</Filter>
    </ClInclude>
    <ClInclude Include="..\GameEngine\PlayerAI.h">
      <Filter>Header Files</Filter>
    </ClInclude>
    <ClInclude Include="..\GameEngine\PlayMusicAction.h">
      <Filter>Header Files</Filter>
    </ClInclude>
    <ClInclude Include="..\GameEngine\RainParticleSystem.h">
      <Filter>Header Files</Filter>
    </ClInclude>
    <ClInclude Include="..\GameEngine\Renderer.h">
      <Filter>Header Files</Filter>
    </ClInclude>
    <ClInclude Include="..\GameEngine\resource.h">
      <Filter>Header Files</Filter>
    </ClInclude>
    <ClInclude Include="..\GameEngine\ResourceManager.h">
      <Filter>Header Files</Filter>
    </ClInclude>
    <ClInclude Include="..\GameEngine\Room.h">
      <Filter>Header Files</Filter>
    </ClInclude>
    <ClInclude Include="..\GameEngine\RunAwayAI.h">
      <Filter>Header Files</Filter>
    </ClInclude>
    <ClInclude Include="..\GameEngine\Screen.h">
      <Filter>Header Files</Filter>
    </ClInclude>
    <ClInclude Include="..\GameEngine\ScreenFadeAction.h">
      <Filter>Header Files</Filter>
    </ClInclude>
    <ClInclude Include="..\GameEngine\SetAction.h">
      <Filter>Header Files</Filter>
    </ClInclude>
    <ClInclude Include="..\GameEngine\SettingsPage.h">
      <Filter>Header Files</Filter>
    </ClInclude>
    <ClInclude Include="..\GameEngine\ShaderManager.h">
      <Filter>Header Files</Filter>
    </ClInclude>
    <ClInclude Include="..\GameEngine\ShaderProgram.h">
      <Filter>Header Files</Filter>
    </ClInclude>
    <ClInclude Include="..\GameEngine\Shape.h">
      <Filter>Header Files</Filter>
    </ClInclude>
    <ClInclude Include="..\GameEngine\Slider.h">
      <Filter>Header Files</Filter>
    </ClInclude>
    <ClInclude Include="..\GameEngine\SpriteSheet.h">
      <Filter>Header Files</Filter>
    </ClInclude>
    <ClInclude Include="..\GameEngine\Square.h">
      <Filter>Header Files</Filter>
    </ClInclude>
    <ClInclude Include="..\GameEngine\StatsPage.h">
      <Filter>Header Files</Filter>
    </ClInclude>
    <ClInclude Include="..\GameEngine\Statusbar.h">
      <Filter>Header Files</Filter>
    </ClInclude>
    <ClInclude Include="..\GameEngine\TerrainMap.h">
      <Filter>Header Files</Filter>
    </ClInclude>
    <ClInclude Include="..\GameEngine\Text.h">
      <Filter>Header Files</Filter>
    </ClInclude>
    <ClInclude Include="..\GameEngine\TextAction.h">
      <Filter>Header Files</Filter>
    </ClInclude>
    <ClInclude Include="..\GameEngine\Textbox.h">
      <Filter>Header Files</Filter>
    </ClInclude>
    <ClInclude Include="..\GameEngine\TextChoiceAction.h">
      <Filter>Header Files</Filter>
    </ClInclude>
    <ClInclude Include="..\GameEngine\Texture.h">
      <Filter>Header Files</Filter>
    </ClInclude>
    <ClInclude Include="..\GameEngine\TextureManager.h">
      <Filter>Header Files</Filter>
    </ClInclude>
    <ClInclude Include="..\GameEngine\TextUtils.h">
      <Filter>Header Files</Filter>
    </ClInclude>
    <ClInclude Include="..\GameEngine\Timer.h">
      <Filter>Header Files</Filter>
    </ClInclude>
    <ClInclude Include="..\GameEngine\TransitionObject.h">
      <Filter>Header Files</Filter>
    </ClInclude>
    <ClInclude Include="..\GameEngine\UIManager.h">
      <Filter>Header Files</Filter>
    </ClInclude>
    <ClInclude Include="..\GameEngine\UIUtils.h">
      <Filter>Header Files</Filter>
    </ClInclude>
    <ClInclude Include="..\GameEngine\Vector2f.h">
      <Filter>Header Files</Filter>
    </ClInclude>
    <ClInclude Include="..\GameEngine\Vector3f.h">
      <Filter>Header Files</Filter>
    </ClInclude>
    <ClInclude Include="..\GameEngine\WaitAction.h">
      <Filter>Header Files</Filter>
    </ClInclude>
    <ClInclude Include="..\GameEngine\Weapon.h">
      <Filter>Header Files</Filter>
    </ClInclude>
    <ClInclude Include="..\GameEngine\Window.h">
      <Filter>Header Files</Filter>
    </ClInclude>
    <ClInclude Include="..\GameEngine\World.h">
      <Filter>Header Files</Filter>
    </ClInclude>
  </ItemGroup>
  <ItemGroup>
    <ClCompile Include="stdafx.cpp">
      <Filter>Source Files</Filter>
    </ClCompile>
    <ClCompile Include="unittest1.cpp">
      <Filter>Source Files</Filter>
    </ClCompile>
    <ClCompile Include="..\GameEngine\AbstractScriptAction.cpp">
      <Filter>Header Files</Filter>
    </ClCompile>
    <ClCompile Include="..\GameEngine\AbstractUIComponent.cpp">
      <Filter>Header Files</Filter>
    </ClCompile>
    <ClCompile Include="..\GameEngine\AnimatedAi.cpp">
      <Filter>Header Files</Filter>
    </ClCompile>
    <ClCompile Include="..\GameEngine\AnimatedObject.cpp">
      <Filter>Header Files</Filter>
    </ClCompile>
    <ClCompile Include="..\GameEngine\Application.cpp">
      <Filter>Header Files</Filter>
    </ClCompile>
    <ClCompile Include="..\GameEngine\Armor.cpp">
      <Filter>Header Files</Filter>
    </ClCompile>
    <ClCompile Include="..\GameEngine\AudioEntity.cpp">
      <Filter>Header Files</Filter>
    </ClCompile>
    <ClCompile Include="..\GameEngine\AudioLoader.cpp">
      <Filter>Header Files</Filter>
    </ClCompile>
    <ClCompile Include="..\GameEngine\AudioSystem.cpp">
      <Filter>Header Files</Filter>
    </ClCompile>
    <ClCompile Include="..\GameEngine\Banner.cpp">
      <Filter>Header Files</Filter>
    </ClCompile>
    <ClCompile Include="..\GameEngine\BounceTimer.cpp">
      <Filter>Header Files</Filter>
    </ClCompile>
    <ClCompile Include="..\GameEngine\Button.cpp">
      <Filter>Header Files</Filter>
    </ClCompile>
    <ClCompile Include="..\GameEngine\ButtonAction.cpp">
      <Filter>Header Files</Filter>
    </ClCompile>
    <ClCompile Include="..\GameEngine\Callbacks.cpp">
      <Filter>Header Files</Filter>
    </ClCompile>
    <ClCompile Include="..\GameEngine\Card.cpp">
      <Filter>Header Files</Filter>
    </ClCompile>
    <ClCompile Include="..\GameEngine\CardsPage.cpp">
      <Filter>Header Files</Filter>
    </ClCompile>
    <ClCompile Include="..\GameEngine\Circle.cpp">
      <Filter>Header Files</Filter>
    </ClCompile>
    <ClCompile Include="..\GameEngine\Color.cpp">
      <Filter>Header Files</Filter>
    </ClCompile>
    <ClCompile Include="..\GameEngine\Condition.cpp">
      <Filter>Header Files</Filter>
    </ClCompile>
    <ClCompile Include="..\GameEngine\DebugAction.cpp">
      <Filter>Header Files</Filter>
    </ClCompile>
    <ClCompile Include="..\GameEngine\Deck.cpp">
      <Filter>Header Files</Filter>
    </ClCompile>
    <ClCompile Include="..\GameEngine\DefaultParticleSystem.cpp">
      <Filter>Header Files</Filter>
    </ClCompile>
    <ClCompile Include="..\GameEngine\DirectedParticleSystem.cpp">
      <Filter>Header Files</Filter>
    </ClCompile>
    <ClCompile Include="..\GameEngine\Edge.cpp">
      <Filter>Header Files</Filter>
    </ClCompile>
    <ClCompile Include="..\GameEngine\Effect.cpp">
      <Filter>Header Files</Filter>
    </ClCompile>
    <ClCompile Include="..\GameEngine\FastParticleSystem.cpp">
      <Filter>Header Files</Filter>
    </ClCompile>
    <ClCompile Include="..\GameEngine\FollowAi.cpp">
      <Filter>Header Files</Filter>
    </ClCompile>
    <ClCompile Include="..\GameEngine\Font.cpp">
      <Filter>Header Files</Filter>
    </ClCompile>
    <ClCompile Include="..\GameEngine\FontManager.cpp">
      <Filter>Header Files</Filter>
    </ClCompile>
    <ClCompile Include="..\GameEngine\Framebuffer.cpp">
      <Filter>Header Files</Filter>
    </ClCompile>
    <ClCompile Include="..\GameEngine\FramebufferManager.cpp">
      <Filter>Header Files</Filter>
    </ClCompile>
    <ClCompile Include="..\GameEngine\GameState.cpp">
      <Filter>Header Files</Filter>
    </ClCompile>
    <ClCompile Include="..\GameEngine\GameTimer.cpp">
      <Filter>Header Files</Filter>
    </ClCompile>
    <ClCompile Include="..\GameEngine\GoToPointAI.cpp">
      <Filter>Header Files</Filter>
    </ClCompile>
    <ClCompile Include="..\GameEngine\Graph.cpp">
      <Filter>Header Files</Filter>
    </ClCompile>
    <ClCompile Include="..\GameEngine\Hand.cpp">
      <Filter>Header Files</Filter>
    </ClCompile>
    <ClCompile Include="..\GameEngine\Input.cpp">
      <Filter>Header Files</Filter>
    </ClCompile>
    <ClCompile Include="..\GameEngine\Inventory.cpp">
      <Filter>Header Files</Filter>
    </ClCompile>
    <ClCompile Include="..\GameEngine\InventoryPage.cpp">
      <Filter>Header Files</Filter>
    </ClCompile>
    <ClCompile Include="..\GameEngine\Item.cpp">
      <Filter>Header Files</Filter>
    </ClCompile>
    <ClCompile Include="..\GameEngine\KeyBinder.cpp">
      <Filter>Header Files</Filter>
    </ClCompile>
    <ClCompile Include="..\GameEngine\Keyboard.cpp">
      <Filter>Header Files</Filter>
    </ClCompile>
    <ClCompile Include="..\GameEngine\KeyItem.cpp">
      <Filter>Header Files</Filter>
    </ClCompile>
    <ClCompile Include="..\GameEngine\Line.cpp">
      <Filter>Header Files</Filter>
    </ClCompile>
    <ClCompile Include="..\GameEngine\List.cpp">
      <Filter>Header Files</Filter>
    </ClCompile>
    <ClCompile Include="..\GameEngine\LivingAi.cpp">
      <Filter>Header Files</Filter>
    </ClCompile>
    <ClCompile Include="..\GameEngine\LivingObject.cpp">
      <Filter>Header Files</Filter>
    </ClCompile>
    <ClCompile Include="..\GameEngine\lodepng.cpp">
      <Filter>Header Files</Filter>
    </ClCompile>
    <ClCompile Include="..\GameEngine\Menu.cpp">
      <Filter>Header Files</Filter>
    </ClCompile>
    <ClCompile Include="..\GameEngine\Model.cpp">
      <Filter>Header Files</Filter>
    </ClCompile>
    <ClCompile Include="..\GameEngine\ModelManager.cpp">
      <Filter>Header Files</Filter>
    </ClCompile>
    <ClCompile Include="..\GameEngine\Mouse.cpp">
      <Filter>Header Files</Filter>
    </ClCompile>
    <ClCompile Include="..\GameEngine\MovableObject.cpp">
      <Filter>Header Files</Filter>
    </ClCompile>
    <ClCompile Include="..\GameEngine\MoveAction.cpp">
      <Filter>Header Files</Filter>
    </ClCompile>
    <ClCompile Include="..\GameEngine\MusicManager.cpp">
      <Filter>Header Files</Filter>
    </ClCompile>
    <ClCompile Include="..\GameEngine\Node.cpp">
      <Filter>Header Files</Filter>
    </ClCompile>
    <ClCompile Include="..\GameEngine\Object.cpp">
      <Filter>Header Files</Filter>
    </ClCompile>
    <ClCompile Include="..\GameEngine\OpenTextbox.cpp">
      <Filter>Header Files</Filter>
    </ClCompile>
    <ClCompile Include="..\GameEngine\OpenTextboxWithChoice.cpp">
      <Filter>Header Files</Filter>
    </ClCompile>
    <ClCompile Include="..\GameEngine\Particle.cpp">
      <Filter>Header Files</Filter>
    </ClCompile>
    <ClCompile Include="..\GameEngine\ParticleSystem.cpp">
      <Filter>Header Files</Filter>
    </ClCompile>
    <ClCompile Include="..\GameEngine\PauseMusicAction.cpp">
      <Filter>Header Files</Filter>
    </ClCompile>
    <ClCompile Include="..\GameEngine\Player.cpp">
      <Filter>Header Files</Filter>
    </ClCompile>
    <ClCompile Include="..\GameEngine\PlayerAI.cpp">
      <Filter>Header Files</Filter>
    </ClCompile>
    <ClCompile Include="..\GameEngine\PlayMusicAction.cpp">
      <Filter>Header Files</Filter>
    </ClCompile>
    <ClCompile Include="..\GameEngine\RainParticleSystem.cpp">
      <Filter>Header Files</Filter>
    </ClCompile>
    <ClCompile Include="..\GameEngine\Renderer.cpp">
      <Filter>Header Files</Filter>
    </ClCompile>
    <ClCompile Include="..\GameEngine\ResourceManager.cpp">
      <Filter>Header Files</Filter>
    </ClCompile>
    <ClCompile Include="..\GameEngine\Room.cpp">
      <Filter>Header Files</Filter>
    </ClCompile>
    <ClCompile Include="..\GameEngine\RunAwayAI.cpp">
      <Filter>Header Files</Filter>
    </ClCompile>
    <ClCompile Include="..\GameEngine\Screen.cpp">
      <Filter>Header Files</Filter>
    </ClCompile>
    <ClCompile Include="..\GameEngine\ScreenFadeAction.cpp">
      <Filter>Header Files</Filter>
    </ClCompile>
    <ClCompile Include="..\GameEngine\SetAction.cpp">
      <Filter>Header Files</Filter>
    </ClCompile>
    <ClCompile Include="..\GameEngine\SettingsPage.cpp">
      <Filter>Header Files</Filter>
    </ClCompile>
    <ClCompile Include="..\GameEngine\ShaderManager.cpp">
      <Filter>Header Files</Filter>
    </ClCompile>
    <ClCompile Include="..\GameEngine\ShaderProgram.cpp">
      <Filter>Header Files</Filter>
    </ClCompile>
    <ClCompile Include="..\GameEngine\Shape.cpp">
      <Filter>Header Files</Filter>
    </ClCompile>
    <ClCompile Include="..\GameEngine\Slider.cpp">
      <Filter>Header Files</Filter>
    </ClCompile>
    <ClCompile Include="..\GameEngine\SpriteSheet.cpp">
      <Filter>Header Files</Filter>
    </ClCompile>
    <ClCompile Include="..\GameEngine\Square.cpp">
      <Filter>Header Files</Filter>
    </ClCompile>
    <ClCompile Include="..\GameEngine\StatsPage.cpp">
      <Filter>Header Files</Filter>
    </ClCompile>
    <ClCompile Include="..\GameEngine\Statusbar.cpp">
      <Filter>Header Files</Filter>
    </ClCompile>
    <ClCompile Include="..\GameEngine\TerrainMap.cpp">
      <Filter>Header Files</Filter>
    </ClCompile>
    <ClCompile Include="..\GameEngine\Text.cpp">
      <Filter>Header Files</Filter>
    </ClCompile>
    <ClCompile Include="..\GameEngine\TextAction.cpp">
      <Filter>Header Files</Filter>
    </ClCompile>
    <ClCompile Include="..\GameEngine\Textbox.cpp">
      <Filter>Header Files</Filter>
    </ClCompile>
    <ClCompile Include="..\GameEngine\TextChoiceAction.cpp">
      <Filter>Header Files</Filter>
    </ClCompile>
    <ClCompile Include="..\GameEngine\Texture.cpp">
      <Filter>Header Files</Filter>
    </ClCompile>
    <ClCompile Include="..\GameEngine\TextureManager.cpp">
      <Filter>Header Files</Filter>
    </ClCompile>
    <ClCompile Include="..\GameEngine\TextUtils.cpp">
      <Filter>Header Files</Filter>
    </ClCompile>
    <ClCompile Include="..\GameEngine\Timer.cpp">
      <Filter>Header Files</Filter>
    </ClCompile>
    <ClCompile Include="..\GameEngine\TransitionObject.cpp">
      <Filter>Header Files</Filter>
    </ClCompile>
    <ClCompile Include="..\GameEngine\UIManager.cpp">
      <Filter>Header Files</Filter>
    </ClCompile>
    <ClCompile Include="..\GameEngine\UIUtils.cpp">
      <Filter>Header Files</Filter>
    </ClCompile>
    <ClCompile Include="..\GameEngine\Vector2f.cpp">
      <Filter>Header Files</Filter>
    </ClCompile>
    <ClCompile Include="..\GameEngine\Vector3f.cpp">
      <Filter>Header Files</Filter>
    </ClCompile>
    <ClCompile Include="..\GameEngine\WaitAction.cpp">
      <Filter>Header Files</Filter>
    </ClCompile>
    <ClCompile Include="..\GameEngine\Weapon.cpp">
      <Filter>Header Files</Filter>
    </ClCompile>
    <ClCompile Include="..\GameEngine\Window.cpp">
      <Filter>Header Files</Filter>
    </ClCompile>
    <ClCompile Include="..\GameEngine\World.cpp">
      <Filter>Header Files</Filter>
    </ClCompile>
  </ItemGroup>
</Project>